
Microsoft Visual Studio Solution File, Format Version 12.00
# Visual Studio Version 17
VisualStudioVersion = 17.4.33213.308
MinimumVisualStudioVersion = 10.0.40219.1
Project("{FAE04EC0-301F-11D3-BF4B-00C04F79EFBC}") = "MétodosYProcedimientos", "MétodosYProcedimientos\MétodosYProcedimientos.csproj", "{54FC3133-5AED-45A5-9CCD-9965084E6B5D}"
EndProject
Global
	GlobalSection(SolutionConfigurationPlatforms) = preSolution
		Debug|Any CPU = Debug|Any CPU
		Release|Any CPU = Release|Any CPU
	EndGlobalSection
	GlobalSection(ProjectConfigurationPlatforms) = postSolution
		{54FC3133-5AED-45A5-9CCD-9965084E6B5D}.Debug|Any CPU.ActiveCfg = Debug|Any CPU
		{54FC3133-5AED-45A5-9CCD-9965084E6B5D}.Debug|Any CPU.Build.0 = Debug|Any CPU
		{54FC3133-5AED-45A5-9CCD-9965084E6B5D}.Release|Any CPU.ActiveCfg = Release|Any CPU
		{54FC3133-5AED-45A5-9CCD-9965084E6B5D}.Release|Any CPU.Build.0 = Release|Any CPU
	EndGlobalSection
	GlobalSection(SolutionProperties) = preSolution
		HideSolutionNode = FALSE
	EndGlobalSection
	GlobalSection(ExtensibilityGlobals) = postSolution
		SolutionGuid = {3072145A-905E-4FF4-8126-5D0056A90E79}
	EndGlobalSection
EndGlobal
